{
  "name": "obsidian-no-startup-page",
  "version": "1.0.0",
  "lockfileVersion": 2,
  "requires": true,
  "packages": {
    "": {
      "name": "obsidian-no-startup-page",
      "version": "1.0.0",
      "dependencies": {
        "obsidian": "^0.13.30",
        "tslib": "^2.3.1",
        "typescript": "^4.6.2"
      }
    },
    "node_modules/@codemirror/rangeset": {
      "version": "0.19.9",
      "resolved": "https://registry.npmjs.org/@codemirror/rangeset/-/rangeset-0.19.9.tgz",
      "integrity": "sha512-V8YUuOvK+ew87Xem+71nKcqu1SXd5QROMRLMS/ljT5/3MCxtgrRie1Cvild0G/Z2f1fpWxzX78V0U4jjXBorBQ==",
      "dependencies": {
        "@codemirror/state": "^0.19.0"
      }
    },
    "node_modules/@codemirror/state": {
      "version": "0.19.9",
      "resolved": "https://registry.npmjs.org/@codemirror/state/-/state-0.19.9.tgz",
      "integrity": "sha512-psOzDolKTZkx4CgUqhBQ8T8gBc0xN5z4gzed109aF6x7D7umpDRoimacI/O6d9UGuyl4eYuDCZmDFr2Rq7aGOw==",
      "dependencies": {
        "@codemirror/text": "^0.19.0"
      }
    },
    "node_modules/@codemirror/text": {
      "version": "0.19.6",
      "resolved": "https://registry.npmjs.org/@codemirror/text/-/text-0.19.6.tgz",
      "integrity": "sha512-T9jnREMIygx+TPC1bOuepz18maGq/92q2a+n4qTqObKwvNMg+8cMTslb8yxeEDEq7S3kpgGWxgO1UWbQRij0dA=="
    },
    "node_modules/@codemirror/view": {
      "version": "0.19.47",
      "resolved": "https://registry.npmjs.org/@codemirror/view/-/view-0.19.47.tgz",
      "integrity": "sha512-SfbagKvJQl5dtt+9wYpo9sa3ZkMgUxTq+/hXDf0KVwIx+zu3cJIqfEm9xSx6yXkq7it7RsPGHaPasApNffF/8g==",
      "dependencies": {
        "@codemirror/rangeset": "^0.19.5",
        "@codemirror/state": "^0.19.3",
        "@codemirror/text": "^0.19.0",
        "style-mod": "^4.0.0",
        "w3c-keyname": "^2.2.4"
      }
    },
    "node_modules/@types/codemirror": {
      "version": "0.0.108",
      "resolved": "https://registry.npmjs.org/@types/codemirror/-/codemirror-0.0.108.tgz",
      "integrity": "sha512-3FGFcus0P7C2UOGCNUVENqObEb4SFk+S8Dnxq7K6aIsLVs/vDtlangl3PEO0ykaKXyK56swVF6Nho7VsA44uhw==",
      "dependencies": {
        "@types/tern": "*"
      }
    },
    "node_modules/@types/estree": {
      "version": "0.0.51",
      "resolved": "https://registry.npmjs.org/@types/estree/-/estree-0.0.51.tgz",
      "integrity": "sha512-CuPgU6f3eT/XgKKPqKd/gLZV1Xmvf1a2R5POBOGQa6uv82xpls89HU5zKeVoyR8XzHd1RGNOlQlvUe3CFkjWNQ=="
    },
    "node_modules/@types/tern": {
      "version": "0.23.4",
      "resolved": "https://registry.npmjs.org/@types/tern/-/tern-0.23.4.tgz",
      "integrity": "sha512-JAUw1iXGO1qaWwEOzxTKJZ/5JxVeON9kvGZ/osgZaJImBnyjyn0cjovPsf6FNLmyGY8Vw9DoXZCMlfMkMwHRWg==",
      "dependencies": {
        "@types/estree": "*"
      }
    },
    "node_modules/moment": {
      "version": "2.29.1",
      "resolved": "https://registry.npmjs.org/moment/-/moment-2.29.1.tgz",
      "integrity": "sha512-kHmoybcPV8Sqy59DwNDY3Jefr64lK/by/da0ViFcuA4DH0vQg5Q6Ze5VimxkfQNSC+Mls/Kx53s7TjP1RhFEDQ==",
      "engines": {
        "node": "*"
      }
    },
    "node_modules/obsidian": {
      "version": "0.13.30",
      "resolved": "https://registry.npmjs.org/obsidian/-/obsidian-0.13.30.tgz",
      "integrity": "sha512-uAOrIyeHE9qYzg1Qjfpy/qlyLUFX9oyKWeHYO8NVDoI+pm5VUTMe7XWcsXPwb9iVsVmggVJcdV15Vqm9bljhxQ==",
      "dependencies": {
        "@codemirror/state": "^0.19.6",
        "@codemirror/view": "^0.19.31",
        "@types/codemirror": "0.0.108",
        "moment": "2.29.1"
      }
    },
    "node_modules/style-mod": {
      "version": "4.0.0",
      "resolved": "https://registry.npmjs.org/style-mod/-/style-mod-4.0.0.tgz",
      "integrity": "sha512-OPhtyEjyyN9x3nhPsu76f52yUGXiZcgvsrFVtvTkyGRQJ0XK+GPc6ov1z+lRpbeabka+MYEQxOYRnt5nF30aMw=="
    },
    "node_modules/tslib": {
      "version": "2.3.1",
      "resolved": "https://registry.npmjs.org/tslib/-/tslib-2.3.1.tgz",
      "integrity": "sha512-77EbyPPpMz+FRFRuAFlWMtmgUWGe9UOG2Z25NqCwiIjRhOf5iKGuzSe5P2w1laq+FkRy4p+PCuVkJSGkzTEKVw=="
    },
    "node_modules/typescript": {
      "version": "4.6.2",
      "resolved": "https://registry.npmjs.org/typescript/-/typescript-4.6.2.tgz",
      "integrity": "sha512-HM/hFigTBHZhLXshn9sN37H085+hQGeJHJ/X7LpBWLID/fbc2acUMfU+lGD98X81sKP+pFa9f0DZmCwB9GnbAg==",
      "bin": {
        "tsc": "bin/tsc",
        "tsserver": "bin/tsserver"
      },
      "engines": {
        "node": ">=4.2.0"
      }
    },
    "node_modules/w3c-keyname": {
      "version": "2.2.4",
      "resolved": "https://registry.npmjs.org/w3c-keyname/-/w3c-keyname-2.2.4.tgz",
      "integrity": "sha512-tOhfEwEzFLJzf6d1ZPkYfGj+FWhIpBux9ppoP3rlclw3Z0BZv3N7b7030Z1kYth+6rDuAsXUFr+d0VE6Ed1ikw=="
    }
  },
  "dependencies": {
    "@codemirror/rangeset": {
      "version": "0.19.9",
      "resolved": "https://registry.npmjs.org/@codemirror/rangeset/-/rangeset-0.19.9.tgz",
      "integrity": "sha512-V8YUuOvK+ew87Xem+71nKcqu1SXd5QROMRLMS/ljT5/3MCxtgrRie1Cvild0G/Z2f1fpWxzX78V0U4jjXBorBQ==",
      "requires": {
        "@codemirror/state": "^0.19.0"
      }
    },
    "@codemirror/state": {
      "version": "0.19.9",
      "resolved": "https://registry.npmjs.org/@codemirror/state/-/state-0.19.9.tgz",
      "integrity": "sha512-psOzDolKTZkx4CgUqhBQ8T8gBc0xN5z4gzed109aF6x7D7umpDRoimacI/O6d9UGuyl4eYuDCZmDFr2Rq7aGOw==",
      "requires": {
        "@codemirror/text": "^0.19.0"
      }
    },
    "@codemirror/text": {
      "version": "0.19.6",
      "resolved": "https://registry.npmjs.org/@codemirror/text/-/text-0.19.6.tgz",
      "integrity": "sha512-T9jnREMIygx+TPC1bOuepz18maGq/92q2a+n4qTqObKwvNMg+8cMTslb8yxeEDEq7S3kpgGWxgO1UWbQRij0dA=="
    },
    "@codemirror/view": {
      "version": "0.19.47",
      "resolved": "https://registry.npmjs.org/@codemirror/view/-/view-0.19.47.tgz",
      "integrity": "sha512-SfbagKvJQl5dtt+9wYpo9sa3ZkMgUxTq+/hXDf0KVwIx+zu3cJIqfEm9xSx6yXkq7it7RsPGHaPasApNffF/8g==",
      "requires": {
        "@codemirror/rangeset": "^0.19.5",
        "@codemirror/state": "^0.19.3",
        "@codemirror/text": "^0.19.0",
        "style-mod": "^4.0.0",
        "w3c-keyname": "^2.2.4"
      }
    },
    "@types/codemirror": {
      "version": "0.0.108",
      "resolved": "https://registry.npmjs.org/@types/codemirror/-/codemirror-0.0.108.tgz",
      "integrity": "sha512-3FGFcus0P7C2UOGCNUVENqObEb4SFk+S8Dnxq7K6aIsLVs/vDtlangl3PEO0ykaKXyK56swVF6Nho7VsA44uhw==",
      "requires": {
        "@types/tern": "*"
      }
    },
    "@types/estree": {
      "version": "0.0.51",
      "resolved": "https://registry.npmjs.org/@types/estree/-/estree-0.0.51.tgz",
      "integrity": "sha512-CuPgU6f3eT/XgKKPqKd/gLZV1Xmvf1a2R5POBOGQa6uv82xpls89HU5zKeVoyR8XzHd1RGNOlQlvUe3CFkjWNQ=="
    },
    "@types/tern": {
      "version": "0.23.4",
      "resolved": "https://registry.npmjs.org/@types/tern/-/tern-0.23.4.tgz",
      "integrity": "sha512-JAUw1iXGO1qaWwEOzxTKJZ/5JxVeON9kvGZ/osgZaJImBnyjyn0cjovPsf6FNLmyGY8Vw9DoXZCMlfMkMwHRWg==",
      "requires": {
        "@types/estree": "*"
      }
    },
    "moment": {
      "version": "2.29.1",
      "resolved": "https://registry.npmjs.org/moment/-/moment-2.29.1.tgz",
      "integrity": "sha512-kHmoybcPV8Sqy59DwNDY3Jefr64lK/by/da0ViFcuA4DH0vQg5Q6Ze5VimxkfQNSC+Mls/Kx53s7TjP1RhFEDQ=="
    },
    "obsidian": {
      "version": "0.13.30",
      "resolved": "https://registry.npmjs.org/obsidian/-/obsidian-0.13.30.tgz",
      "integrity": "sha512-uAOrIyeHE9qYzg1Qjfpy/qlyLUFX9oyKWeHYO8NVDoI+pm5VUTMe7XWcsXPwb9iVsVmggVJcdV15Vqm9bljhxQ==",
      "requires": {
        "@codemirror/state": "^0.19.6",
        "@codemirror/view": "^0.19.31",
        "@types/codemirror": "0.0.108",
        "moment": "2.29.1"
      }
    },
    "style-mod": {
      "version": "4.0.0",
      "resolved": "https://registry.npmjs.org/style-mod/-/style-mod-4.0.0.tgz",
      "integrity": "sha512-OPhtyEjyyN9x3nhPsu76f52yUGXiZcgvsrFVtvTkyGRQJ0XK+GPc6ov1z+lRpbeabka+MYEQxOYRnt5nF30aMw=="
    },
    "tslib": {
      "version": "2.3.1",
      "resolved": "https://registry.npmjs.org/tslib/-/tslib-2.3.1.tgz",
      "integrity": "sha512-77EbyPPpMz+FRFRuAFlWMtmgUWGe9UOG2Z25NqCwiIjRhOf5iKGuzSe5P2w1laq+FkRy4p+PCuVkJSGkzTEKVw=="
    },
    "typescript": {
      "version": "4.6.2",
      "resolved": "https://registry.npmjs.org/typescript/-/typescript-4.6.2.tgz",
      "integrity": "sha512-HM/hFigTBHZhLXshn9sN37H085+hQGeJHJ/X7LpBWLID/fbc2acUMfU+lGD98X81sKP+pFa9f0DZmCwB9GnbAg=="
    },
    "w3c-keyname": {
      "version": "2.2.4",
      "resolved": "https://registry.npmjs.org/w3c-keyname/-/w3c-keyname-2.2.4.tgz",
      "integrity": "sha512-tOhfEwEzFLJzf6d1ZPkYfGj+FWhIpBux9ppoP3rlclw3Z0BZv3N7b7030Z1kYth+6rDuAsXUFr+d0VE6Ed1ikw=="
    }
  }
}
